
Microsoft Visual Studio Solution File, Format Version 12.00
# Visual Studio Version 17
VisualStudioVersion = 17.8.34525.116
MinimumVisualStudioVersion = 10.0.40219.1
Project("{FAE04EC0-301F-11D3-BF4B-00C04F79EFBC}") = "CITIweb", "CITIweb\CITIweb.csproj", "{2FE514AC-CFB9-45BF-B488-DD19DFC2C703}"
EndProject
Global
	GlobalSection(SolutionConfigurationPlatforms) = preSolution
		Debug|Any CPU = Debug|Any CPU
		Release|Any CPU = Release|Any CPU
	EndGlobalSection
	GlobalSection(ProjectConfigurationPlatforms) = postSolution
		{2FE514AC-CFB9-45BF-B488-DD19DFC2C703}.Debug|Any CPU.ActiveCfg = Debug|Any CPU
		{2FE514AC-CFB9-45BF-B488-DD19DFC2C703}.Debug|Any CPU.Build.0 = Debug|Any CPU
		{2FE514AC-CFB9-45BF-B488-DD19DFC2C703}.Release|Any CPU.ActiveCfg = Release|Any CPU
		{2FE514AC-CFB9-45BF-B488-DD19DFC2C703}.Release|Any CPU.Build.0 = Release|Any CPU
	EndGlobalSection
	GlobalSection(SolutionProperties) = preSolution
		HideSolutionNode = FALSE
	EndGlobalSection
	GlobalSection(ExtensibilityGlobals) = postSolution
		SolutionGuid = {EF11D667-E53D-47D5-A572-9CB7370A11BA}
	EndGlobalSection
EndGlobal
